
Microsoft Visual Studio Solution File, Format Version 12.00
# Visual Studio Version 17
VisualStudioVersion = 17.14.37411.7
MinimumVisualStudioVersion = 10.0.40219.1
Project("{FAE04EC0-301F-11D3-BF4B-00C04F79EFBC}") = "EMSWebApp", "EMSWebApp.csproj", "{47D95544-88AA-42A3-B362-04E673D9C687}"
EndProject
Global
	GlobalSection(SolutionConfigurationPlatforms) = preSolution
		Debug|Any CPU = Debug|Any CPU
		Release|Any CPU = Release|Any CPU
	EndGlobalSection
	GlobalSection(ProjectConfigurationPlatforms) = postSolution
		{47D95544-88AA-42A3-B362-04E673D9C687}.Debug|Any CPU.ActiveCfg = Debug|Any CPU
		{47D95544-88AA-42A3-B362-04E673D9C687}.Debug|Any CPU.Build.0 = Debug|Any CPU
		{47D95544-88AA-42A3-B362-04E673D9C687}.Release|Any CPU.ActiveCfg = Release|Any CPU
		{47D95544-88AA-42A3-B362-04E673D9C687}.Release|Any CPU.Build.0 = Release|Any CPU
	EndGlobalSection
	GlobalSection(SolutionProperties) = preSolution
		HideSolutionNode = FALSE
	EndGlobalSection
	GlobalSection(ExtensibilityGlobals) = postSolution
		SolutionGuid = {671707C6-D371-4B7E-9D32-BAE17FEFECA3}
	EndGlobalSection
EndGlobal
